
Microsoft Visual Studio Solution File, Format Version 12.00
# Visual Studio Version 17
VisualStudioVersion = 17.8.34322.80
MinimumVisualStudioVersion = 10.0.40219.1
Project("{FAE04EC0-301F-11D3-BF4B-00C04F79EFBC}") = "WebApplication2", "WebApplication2\WebApplication2.csproj", "{BA9EC70F-9790-4BEF-B750-706B09280B25}"
EndProject
Project("{FAE04EC0-301F-11D3-BF4B-00C04F79EFBC}") = "Tests", "Tests\Tests.csproj", "{15C46AA3-39E0-4921-8E2C-6E144B546A9A}"
EndProject
Global
	GlobalSection(SolutionConfigurationPlatforms) = preSolution
		Debug|Any CPU = Debug|Any CPU
		Release|Any CPU = Release|Any CPU
	EndGlobalSection
	GlobalSection(ProjectConfigurationPlatforms) = postSolution
		{BA9EC70F-9790-4BEF-B750-706B09280B25}.Debug|Any CPU.ActiveCfg = Debug|Any CPU
		{BA9EC70F-9790-4BEF-B750-706B09280B25}.Debug|Any CPU.Build.0 = Debug|Any CPU
		{BA9EC70F-9790-4BEF-B750-706B09280B25}.Release|Any CPU.ActiveCfg = Release|Any CPU
		{BA9EC70F-9790-4BEF-B750-706B09280B25}.Release|Any CPU.Build.0 = Release|Any CPU
		{15C46AA3-39E0-4921-8E2C-6E144B546A9A}.Debug|Any CPU.ActiveCfg = Debug|Any CPU
		{15C46AA3-39E0-4921-8E2C-6E144B546A9A}.Debug|Any CPU.Build.0 = Debug|Any CPU
		{15C46AA3-39E0-4921-8E2C-6E144B546A9A}.Release|Any CPU.ActiveCfg = Release|Any CPU
		{15C46AA3-39E0-4921-8E2C-6E144B546A9A}.Release|Any CPU.Build.0 = Release|Any CPU
	EndGlobalSection
	GlobalSection(SolutionProperties) = preSolution
		HideSolutionNode = FALSE
	EndGlobalSection
	GlobalSection(ExtensibilityGlobals) = postSolution
		SolutionGuid = {B5D527AB-6CE9-4398-A4F1-FEED880006FF}
	EndGlobalSection
EndGlobal
